{
    "_meta": {
        "hash": {
            "sha256": "95ebdfaa4563fb905392e5c832204296f037d0d8f1cc126e11d30a6327a14c36"
        },
        "pipfile-spec": 6,
        "requires": {
            "python_version": "3.9"
        },
        "sources": [
            {
                "name": "pypi",
                "url": "https://pypi.org/simple",
                "verify_ssl": true
            }
        ]
    },
    "default": {
        "appdirs": {
            "hashes": [
                "sha256:7d5d0167b2b1ba821647616af46a749d1c653740dd0d2415100fe26e27afdf41",
                "sha256:a841dacd6b99318a741b166adb07e19ee71a274450e68237b4650ca1055ab128"
            ],
            "index": "pypi",
            "version": "==1.4.4"
        },
        "click": {
            "hashes": [
                "sha256:353f466495adaeb40b6b5f592f9f91cb22372351c84caeb068132442a4518ef3",
                "sha256:410e932b050f5eed773c4cda94de75971c89cdb3155a72a0831139a79e5ecb5b"
            ],
            "markers": "python_version >= '3.6'",
            "version": "==8.0.3"
        },
        "pydantic": {
            "hashes": [
                "sha256:085ca1de245782e9b46cefcf99deecc67d418737a1fd3f6a4f511344b613a5b3",
                "sha256:086254884d10d3ba16da0588604ffdc5aab3f7f09557b998373e885c690dd398",
                "sha256:0b6037175234850ffd094ca77bf60fb54b08b5b22bc85865331dd3bda7a02fa1",
                "sha256:0fe476769acaa7fcddd17cadd172b156b53546ec3614a4d880e5d29ea5fbce65",
                "sha256:1d5278bd9f0eee04a44c712982343103bba63507480bfd2fc2790fa70cd64cf4",
                "sha256:2cc6a4cb8a118ffec2ca5fcb47afbacb4f16d0ab8b7350ddea5e8ef7bcc53a16",
                "sha256:2ee7e3209db1e468341ef41fe263eb655f67f5c5a76c924044314e139a1103a2",
                "sha256:3011b975c973819883842c5ab925a4e4298dffccf7782c55ec3580ed17dc464c",
                "sha256:3c3b035103bd4e2e4a28da9da7ef2fa47b00ee4a9cf4f1a735214c1bcd05e0f6",
                "sha256:4c68c3bc88dbda2a6805e9a142ce84782d3930f8fdd9655430d8576315ad97ce",
                "sha256:574936363cd4b9eed8acdd6b80d0143162f2eb654d96cb3a8ee91d3e64bf4cf9",
                "sha256:5a79330f8571faf71bf93667d3ee054609816f10a259a109a0738dac983b23c3",
                "sha256:5e48ef4a8b8c066c4a31409d91d7ca372a774d0212da2787c0d32f8045b1e034",
                "sha256:6c5b77947b9e85a54848343928b597b4f74fc364b70926b3c4441ff52620640c",
                "sha256:742645059757a56ecd886faf4ed2441b9c0cd406079c2b4bee51bcc3fbcd510a",
                "sha256:7bdfdadb5994b44bd5579cfa7c9b0e1b0e540c952d56f627eb227851cda9db77",
                "sha256:815ddebb2792efd4bba5488bc8fde09c29e8ca3227d27cf1c6990fc830fd292b",
                "sha256:8b5ac0f1c83d31b324e57a273da59197c83d1bb18171e512908fe5dc7278a1d6",
                "sha256:96f240bce182ca7fe045c76bcebfa0b0534a1bf402ed05914a6f1dadff91877f",
                "sha256:a733965f1a2b4090a5238d40d983dcd78f3ecea221c7af1497b845a9709c1721",
                "sha256:ab624700dc145aa809e6f3ec93fb8e7d0f99d9023b713f6a953637429b437d37",
                "sha256:b2571db88c636d862b35090ccf92bf24004393f85c8870a37f42d9f23d13e032",
                "sha256:bbbc94d0c94dd80b3340fc4f04fd4d701f4b038ebad72c39693c794fd3bc2d9d",
                "sha256:c0727bda6e38144d464daec31dff936a82917f431d9c39c39c60a26567eae3ed",
                "sha256:c556695b699f648c58373b542534308922c46a1cda06ea47bc9ca45ef5b39ae6",
                "sha256:c86229333cabaaa8c51cf971496f10318c4734cf7b641f08af0a6fbf17ca3054",
                "sha256:c8d7da6f1c1049eefb718d43d99ad73100c958a5367d30b9321b092771e96c25",
                "sha256:c8e9dcf1ac499679aceedac7e7ca6d8641f0193c591a2d090282aaf8e9445a46",
                "sha256:cb23bcc093697cdea2708baae4f9ba0e972960a835af22560f6ae4e7e47d33f5",
                "sha256:d1e4c28f30e767fd07f2ddc6f74f41f034d1dd6bc526cd59e63a82fe8bb9ef4c",
                "sha256:d9c9bdb3af48e242838f9f6e6127de9be7063aad17b32215ccc36a09c5cf1070",
                "sha256:dee5ef83a76ac31ab0c78c10bd7d5437bfdb6358c95b91f1ba7ff7b76f9996a1",
                "sha256:e0896200b6a40197405af18828da49f067c2fa1f821491bc8f5bde241ef3f7d7",
                "sha256:f5a64b64ddf4c99fe201ac2724daada8595ada0d102ab96d019c1555c2d6441d",
                "sha256:f947352c3434e8b937e3aa8f96f47bdfe6d92779e44bb3f41e4c213ba6a32145"
            ],
            "index": "pypi",
            "version": "==1.9.0"
        },
        "sanitized-package": {
            "editable": true,
            "path": "."
        },
        "snipsync": {
            "editable": true,
            "path": "."
        },
        "typer": {
            "hashes": [
                "sha256:63c3aeab0549750ffe40da79a1b524f60e08a2cbc3126c520ebf2eeaf507f5dd",
                "sha256:d81169725140423d072df464cad1ff25ee154ef381aaf5b8225352ea187ca338"
            ],
            "index": "pypi",
            "version": "==0.4.0"
        },
        "typing-extensions": {
            "hashes": [
                "sha256:4ca091dea149f945ec56afb48dae714f21e8692ef22a395223bcd328961b6a0e",
                "sha256:7f001e5ac290a0c0401508864c7ec868be4e701886d5b573a9528ed3973d9d3b"
            ],
            "markers": "python_version >= '3.6'",
            "version": "==4.0.1"
        }
    },
    "develop": {
        "attrs": {
            "hashes": [
                "sha256:2d27e3784d7a565d36ab851fe94887c5eccd6a463168875832a1be79c82828b4",
                "sha256:626ba8234211db98e869df76230a137c4c40a12d72445c45d5f5b716f076e2fd"
            ],
            "markers": "python_version >= '2.7' and python_version not in '3.0, 3.1, 3.2, 3.3, 3.4'",
            "version": "==21.4.0"
        },
        "build": {
            "hashes": [
                "sha256:1aaadcd69338252ade4f7ec1265e1a19184bf916d84c9b7df095f423948cb89f",
                "sha256:21b7ebbd1b22499c4dac536abc7606696ea4d909fd755e00f09f3c0f2c05e3c8"
            ],
            "index": "pypi",
            "version": "==0.7.0"
        },
        "coverage": {
            "extras": [
                "toml"
            ],
            "hashes": [
                "sha256:012157499ec4f135fc36cd2177e3d1a1840af9b236cbe80e9a5ccfc83d912a69",
                "sha256:0a34d313105cdd0d3644c56df2d743fe467270d6ab93b5d4a347eb9fec8924d6",
                "sha256:11e61c5548ecf74ea1f8b059730b049871f0e32b74f88bd0d670c20c819ad749",
                "sha256:152cc2624381df4e4e604e21bd8e95eb8059535f7b768c1fb8b8ae0b26f47ab0",
                "sha256:1b4285fde5286b946835a1a53bba3ad41ef74285ba9e8013e14b5ea93deaeafc",
                "sha256:27a94db5dc098c25048b0aca155f5fac674f2cf1b1736c5272ba28ead2fc267e",
                "sha256:27ac7cb84538e278e07569ceaaa6f807a029dc194b1c819a9820b9bb5dbf63ab",
                "sha256:2a491e159294d756e7fc8462f98175e2d2225e4dbe062cca7d3e0d5a75ba6260",
                "sha256:2bc85664b06ba42d14bb74d6ddf19d8bfc520cb660561d2d9ce5786ae72f71b5",
                "sha256:32168001f33025fd756884d56d01adebb34e6c8c0b3395ca8584cdcee9c7c9d2",
                "sha256:3c4ce3b647bd1792d4394f5690d9df6dc035b00bcdbc5595099c01282a59ae01",
                "sha256:433b99f7b0613bdcdc0b00cc3d39ed6d756797e3b078d2c43f8a38288520aec6",
                "sha256:4578728c36de2801c1deb1c6b760d31883e62e33f33c7ba8f982e609dc95167d",
                "sha256:509c68c3e2015022aeda03b003dd68fa19987cdcf64e9d4edc98db41cfc45d30",
                "sha256:51372e24b1f7143ee2df6b45cff6a721f3abe93b1e506196f3ffa4155c2497f7",
                "sha256:5d008e0f67ac800b0ca04d7914b8501312c8c6c00ad8c7ba17754609fae1231a",
                "sha256:649df3641eb351cdfd0d5533c92fc9df507b6b2bf48a7ef8c71ab63cbc7b5c3c",
                "sha256:6e78b1e25e5c5695dea012be473e442f7094d066925604be20b30713dbd47f89",
                "sha256:72d9d186508325a456475dd05b1756f9a204c7086b07fffb227ef8cee03b1dc2",
                "sha256:7d82c610a2e10372e128023c5baf9ce3d270f3029fe7274ff5bc2897c68f1318",
                "sha256:7ee317486593193e066fc5e98ac0ce712178c21529a85c07b7cb978171f25d53",
                "sha256:7eed8459a2b81848cafb3280b39d7d49950d5f98e403677941c752e7e7ee47cb",
                "sha256:823f9325283dc9565ba0aa2d240471a93ca8999861779b2b6c7aded45b58ee0f",
                "sha256:85c5fc9029043cf8b07f73fbb0a7ab6d3b717510c3b5642b77058ea55d7cacde",
                "sha256:86c91c511853dfda81c2cf2360502cb72783f4b7cebabef27869f00cbe1db07d",
                "sha256:8e0c3525b1a182c8ffc9bca7e56b521e0c2b8b3e82f033c8e16d6d721f1b54d6",
                "sha256:987a84ff98a309994ca77ed3cc4b92424f824278e48e4bf7d1bb79a63cfe2099",
                "sha256:9ed3244b415725f08ca3bdf02ed681089fd95e9465099a21c8e2d9c5d6ca2606",
                "sha256:a189036c50dcd56100746139a459f0d27540fef95b09aba03e786540b8feaa5f",
                "sha256:a4748349734110fd32d46ff8897b561e6300d8989a494ad5a0a2e4f0ca974fc7",
                "sha256:a5d79c9af3f410a2b5acad91258b4ae179ee9c83897eb9de69151b179b0227f5",
                "sha256:a7596aa2f2b8fa5604129cfc9a27ad9beec0a96f18078cb424d029fdd707468d",
                "sha256:ab4fc4b866b279740e0d917402f0e9a08683e002f43fa408e9655818ed392196",
                "sha256:bde4aeabc0d1b2e52c4036c54440b1ad05beeca8113f47aceb4998bb7471e2c2",
                "sha256:c72bb4679283c6737f452eeb9b2a0e570acaef2197ad255fb20162adc80bea76",
                "sha256:c8582e9280f8d0f38114fe95a92ae8d0790b56b099d728cc4f8a2e14b1c4a18c",
                "sha256:ca29c352389ea27a24c79acd117abdd8a865c6eb01576b6f0990cd9a4e9c9f48",
                "sha256:ce443a3e6df90d692c38762f108fc4c88314bf477689f04de76b3f252e7a351c",
                "sha256:d1675db48490e5fa0b300f6329ecb8a9a37c29b9ab64fa9c964d34111788ca2d",
                "sha256:da1a428bdbe71f9a8c270c7baab29e9552ac9d0e0cba5e7e9a4c9ee6465d258d",
                "sha256:e4ff163602c5c77e7bb4ea81ba5d3b793b4419f8acd296aae149370902cf4e92",
                "sha256:e67ccd53da5958ea1ec833a160b96357f90859c220a00150de011b787c27b98d",
                "sha256:e8071e7d9ba9f457fc674afc3de054450be2c9b195c470147fbbc082468d8ff7",
                "sha256:fff16a30fdf57b214778eff86391301c4509e327a65b877862f7c929f10a4253"
            ],
            "markers": "python_version >= '3.7'",
            "version": "==6.3"
        },
        "iniconfig": {
            "hashes": [
                "sha256:011e24c64b7f47f6ebd835bb12a743f2fbe9a26d4cecaa7f53bc4f35ee9da8b3",
                "sha256:bc3af051d7d14b2ee5ef9969666def0cd1a000e121eaea580d4a313df4b37f32"
            ],
            "version": "==1.1.1"
        },
        "packaging": {
            "hashes": [
                "sha256:dd47c42927d89ab911e606518907cc2d3a1f38bbd026385970643f9c5b8ecfeb",
                "sha256:ef103e05f519cdc783ae24ea4e2e0f508a9c99b2d4969652eed6a2e1ea5bd522"
            ],
            "markers": "python_version >= '3.6'",
            "version": "==21.3"
        },
        "pep517": {
            "hashes": [
                "sha256:931378d93d11b298cf511dd634cf5ea4cb249a28ef84160b3247ee9afb4e8ab0",
                "sha256:dd884c326898e2c6e11f9e0b64940606a93eb10ea022a2e067959f3a110cf161"
            ],
            "version": "==0.12.0"
        },
        "pluggy": {
            "hashes": [
                "sha256:4224373bacce55f955a878bf9cfa763c1e360858e330072059e10bad68531159",
                "sha256:74134bbf457f031a36d68416e1509f34bd5ccc019f0bcc952c7b909d06b37bd3"
            ],
            "markers": "python_version >= '3.6'",
            "version": "==1.0.0"
        },
        "py": {
            "hashes": [
                "sha256:51c75c4126074b472f746a24399ad32f6053d1b34b68d2fa41e558e6f4a98719",
                "sha256:607c53218732647dff4acdfcd50cb62615cedf612e72d1724fb1a0cc6405b378"
            ],
            "markers": "python_version >= '2.7' and python_version not in '3.0, 3.1, 3.2, 3.3, 3.4'",
            "version": "==1.11.0"
        },
        "pyparsing": {
            "hashes": [
                "sha256:18ee9022775d270c55187733956460083db60b37d0d0fb357445f3094eed3eea",
                "sha256:a6c06a88f252e6c322f65faf8f418b16213b51bdfaece0524c1c1bc30c63c484"
            ],
            "markers": "python_version >= '3.6'",
            "version": "==3.0.7"
        },
        "pytest": {
            "hashes": [
                "sha256:131b36680866a76e6781d13f101efb86cf674ebb9762eb70d3082b6f29889e89",
                "sha256:7310f8d27bc79ced999e760ca304d69f6ba6c6649c0b60fb0e04a4a77cacc134"
            ],
            "index": "pypi",
            "version": "==6.2.5"
        },
        "pytest-cov": {
            "hashes": [
                "sha256:578d5d15ac4a25e5f961c938b85a05b09fdaae9deef3bb6de9a6e766622ca7a6",
                "sha256:e7f0f5b1617d2210a2cabc266dfe2f4c75a8d32fb89eafb7ad9d06f6d076d470"
            ],
            "index": "pypi",
            "version": "==3.0.0"
        },
        "pytest-mock": {
            "hashes": [
                "sha256:5112bd92cc9f186ee96e1a92efc84969ea494939c3aead39c50f421c4cc69534",
                "sha256:6cff27cec936bf81dc5ee87f07132b807bcda51106b5ec4b90a04331cba76231"
            ],
            "index": "pypi",
            "version": "==3.7.0"
        },
        "toml": {
            "hashes": [
                "sha256:806143ae5bfb6a3c6e736a764057db0e6a0e05e338b5630894a5f779cabb4f9b",
                "sha256:b3bda1d108d5dd99f4a20d24d9c348e91c4db7ab1b749200bded2f839ccbe68f"
            ],
            "markers": "python_version >= '2.6' and python_version not in '3.0, 3.1, 3.2, 3.3'",
            "version": "==0.10.2"
        },
        "tomli": {
            "hashes": [
                "sha256:b5bde28da1fed24b9bd1d4d2b8cba62300bfb4ec9a6187a957e8ddb9434c5224",
                "sha256:c292c34f58502a1eb2bbb9f5bbc9a5ebc37bee10ffb8c2d6bbdfa8eb13cc14e1"
            ],
            "markers": "python_version >= '3.7'",
            "version": "==2.0.0"
        }
    }
}
